{
  "lockfileVersion": 1,
  "configVersion": 0,
  "workspaces": {
    "": {
      "dependencies": {
        "headroom-ai": "^0.22.4",
      },
    },
  },
  "packages": {
    "@anthropic-ai/sdk": ["@anthropic-ai/sdk@0.91.1", "https://registry.npmmirror.com/@anthropic-ai/sdk/-/sdk-0.91.1.tgz", { "dependencies": { "json-schema-to-ts": "^3.1.1" }, "peerDependencies": { "zod": "^3.25.0 || ^4.0.0" }, "optionalPeers": ["zod"], "bin": { "anthropic-ai-sdk": "bin/cli" } }, "sha512-LAmu761tSN9r66ixvmciswUj/ZC+1Q4iAfpedTfSVLeswRwnY3n2Nb6Tsk+cLPP28aLOPWeMgIuTuCcMC6W/iw=="],

    "@babel/runtime": ["@babel/runtime@7.29.7", "https://registry.npmmirror.com/@babel/runtime/-/runtime-7.29.7.tgz", {}, "sha512-Nq8OhGWiZIZGV6hLHoyAKLLcJihP/xFeBMGJoUrxTX2psI8dCifzLhZISFb+VWS3wFMRDmCGw5R+dOySCqPLhw=="],

    "headroom-ai": ["headroom-ai@0.22.4", "https://registry.npmmirror.com/headroom-ai/-/headroom-ai-0.22.4.tgz", { "peerDependencies": { "@ai-sdk/provider": ">=1.0.0", "@anthropic-ai/sdk": ">=0.30.0", "ai": ">=6.0.0", "openai": ">=4.0.0" }, "optionalPeers": ["@ai-sdk/provider", "@anthropic-ai/sdk", "ai", "openai"] }, "sha512-9a0rgB/jsWe8gs/ggyUwe6E8DYwKAuBvlUml2ApwlUjb5EfJ611X6X+WG0SiXw3nO6sdyV1/+Ah5uw9P7ecnjw=="],

    "json-schema-to-ts": ["json-schema-to-ts@3.1.1", "https://registry.npmmirror.com/json-schema-to-ts/-/json-schema-to-ts-3.1.1.tgz", { "dependencies": { "@babel/runtime": "^7.18.3", "ts-algebra": "^2.0.0" } }, "sha512-+DWg8jCJG2TEnpy7kOm/7/AxaYoaRbjVB4LFZLySZlWn8exGs3A4OLJR966cVvU26N7X9TWxl+Jsw7dzAqKT6g=="],

    "openai": ["openai@6.26.0", "https://registry.npmmirror.com/openai/-/openai-6.26.0.tgz", { "peerDependencies": { "ws": "^8.18.0", "zod": "^3.25 || ^4.0" }, "optionalPeers": ["ws", "zod"], "bin": { "openai": "bin/cli" } }, "sha512-zd23dbWTjiJ6sSAX6s0HrCZi41JwTA1bQVs0wLQPZ2/5o2gxOJA5wh7yOAUgwYybfhDXyhwlpeQf7Mlgx8EOCA=="],

    "ts-algebra": ["ts-algebra@2.0.0", "https://registry.npmmirror.com/ts-algebra/-/ts-algebra-2.0.0.tgz", {}, "sha512-FPAhNPFMrkwz76P7cdjdmiShwMynZYN6SgOujD1urY4oNm80Ou9oMdmbR45LotcKOXoy7wSmHkRFE6Mxbrhefw=="],

    "ws": ["ws@8.21.3", "https://registry.npmmirror.com/ws/-/ws-8.21.3.tgz", { "peerDependencies": { "bufferutil": "^4.0.1", "utf-8-validate": ">=5.0.2" }, "optionalPeers": ["bufferutil", "utf-8-validate"] }, "sha512-201TZ/kPWxoPr/OKWjquZR1SWKXcvxdH+e1xrx89b3YbmzLMFCLfnaG1HFIgWzJOEWZ7MvpK++odZufgYR50Rw=="],

    "zod": ["zod@4.4.3", "https://registry.npmmirror.com/zod/-/zod-4.4.3.tgz", {}, "sha512-ytENFjIJFl2UwYglde2jchW2Hwm4GJFLDiSXWdTrJQBIN9Fcyp7n4DhxJEiWNAJMV1/BqWfW/kkg71UDcHJyTQ=="],
  }
}
