lockfileVersion: '9.0'

settings:
  autoInstallPeers: true
  excludeLinksFromLockfile: false

importers:

  .:
    dependencies:
      headroom-ai:
        specifier: ^0.22.4
        version: 0.22.4

packages:

  headroom-ai@0.22.4:
    resolution: {integrity: sha512-9a0rgB/jsWe8gs/ggyUwe6E8DYwKAuBvlUml2ApwlUjb5EfJ611X6X+WG0SiXw3nO6sdyV1/+Ah5uw9P7ecnjw==}
    engines: {node: '>=18.0.0'}
    peerDependencies:
      '@ai-sdk/provider': '>=1.0.0'
      '@anthropic-ai/sdk': '>=0.30.0'
      ai: '>=6.0.0'
      openai: '>=4.0.0'
    peerDependenciesMeta:
      '@ai-sdk/provider':
        optional: true
      '@anthropic-ai/sdk':
        optional: true
      ai:
        optional: true
      openai:
        optional: true

snapshots:

  headroom-ai@0.22.4: {}
